
Microsoft Visual Studio Solution File, Format Version 11.00
# Visual Studio 2010
Project("{8BC9CEB8-8B4A-11D0-8D11-00A0C91BC942}") = "StepConverter3", "StepConverter3\StepConverter3.vcxproj", "{2E83D7DC-8E71-4FB6-875E-121EF541023A}"
EndProject
Global
	GlobalSection(SolutionConfigurationPlatforms) = preSolution
		Debug|Win32 = Debug|Win32
		Debug|x64 = Debug|x64
		R|Win32 = R|Win32
		R|x64 = R|x64
	EndGlobalSection
	GlobalSection(ProjectConfigurationPlatforms) = postSolution
		{2E83D7DC-8E71-4FB6-875E-121EF541023A}.Debug|Win32.ActiveCfg = Debug|Win32
		{2E83D7DC-8E71-4FB6-875E-121EF541023A}.Debug|Win32.Build.0 = Debug|Win32
		{2E83D7DC-8E71-4FB6-875E-121EF541023A}.Debug|x64.ActiveCfg = Debug|x64
		{2E83D7DC-8E71-4FB6-875E-121EF541023A}.Debug|x64.Build.0 = Debug|x64
		{2E83D7DC-8E71-4FB6-875E-121EF541023A}.R|Win32.ActiveCfg = R|Win32
		{2E83D7DC-8E71-4FB6-875E-121EF541023A}.R|Win32.Build.0 = R|Win32
		{2E83D7DC-8E71-4FB6-875E-121EF541023A}.R|x64.ActiveCfg = R|x64
		{2E83D7DC-8E71-4FB6-875E-121EF541023A}.R|x64.Build.0 = R|x64
	EndGlobalSection
	GlobalSection(SolutionProperties) = preSolution
		HideSolutionNode = FALSE
	EndGlobalSection
EndGlobal
